
Microsoft Visual Studio Solution File, Format Version 12.00
# Visual Studio 15
VisualStudioVersion = 15.0.26124.0
MinimumVisualStudioVersion = 15.0.26124.0
Project("{FAE04EC0-301F-11D3-BF4B-00C04F79EFBC}") = "PizzaBox.Client", "PizzaBox.Client\PizzaBox.Client.csproj", "{DCD35AAE-A847-47B6-BF0D-82F738712FBA}"
EndProject
Project("{FAE04EC0-301F-11D3-BF4B-00C04F79EFBC}") = "PizzaBox.Domain", "PizzaBox.Domain\PizzaBox.Domain.csproj", "{A3414670-DD36-4506-97FC-AC45912061D3}"
EndProject
Project("{FAE04EC0-301F-11D3-BF4B-00C04F79EFBC}") = "PizzaBox.Storing", "PizzaBox.Storing\PizzaBox.Storing.csproj", "{186B817B-B672-4D87-9A6C-AD4643C47AD1}"
EndProject
Project("{FAE04EC0-301F-11D3-BF4B-00C04F79EFBC}") = "PizzaBox.Testing", "PizzaBox.Testing\PizzaBox.Testing.csproj", "{174C5A75-0EEE-4758-8B1B-64D95084658D}"
EndProject
Global
	GlobalSection(SolutionConfigurationPlatforms) = preSolution
		Debug|Any CPU = Debug|Any CPU
		Debug|x64 = Debug|x64
		Debug|x86 = Debug|x86
		Release|Any CPU = Release|Any CPU
		Release|x64 = Release|x64
		Release|x86 = Release|x86
	EndGlobalSection
	GlobalSection(SolutionProperties) = preSolution
		HideSolutionNode = FALSE
	EndGlobalSection
	GlobalSection(ProjectConfigurationPlatforms) = postSolution
		{DCD35AAE-A847-47B6-BF0D-82F738712FBA}.Debug|Any CPU.ActiveCfg = Debug|Any CPU
		{DCD35AAE-A847-47B6-BF0D-82F738712FBA}.Debug|Any CPU.Build.0 = Debug|Any CPU
		{DCD35AAE-A847-47B6-BF0D-82F738712FBA}.Debug|x64.ActiveCfg = Debug|Any CPU
		{DCD35AAE-A847-47B6-BF0D-82F738712FBA}.Debug|x64.Build.0 = Debug|Any CPU
		{DCD35AAE-A847-47B6-BF0D-82F738712FBA}.Debug|x86.ActiveCfg = Debug|Any CPU
		{DCD35AAE-A847-47B6-BF0D-82F738712FBA}.Debug|x86.Build.0 = Debug|Any CPU
		{DCD35AAE-A847-47B6-BF0D-82F738712FBA}.Release|Any CPU.ActiveCfg = Release|Any CPU
		{DCD35AAE-A847-47B6-BF0D-82F738712FBA}.Release|Any CPU.Build.0 = Release|Any CPU
		{DCD35AAE-A847-47B6-BF0D-82F738712FBA}.Release|x64.ActiveCfg = Release|Any CPU
		{DCD35AAE-A847-47B6-BF0D-82F738712FBA}.Release|x64.Build.0 = Release|Any CPU
		{DCD35AAE-A847-47B6-BF0D-82F738712FBA}.Release|x86.ActiveCfg = Release|Any CPU
		{DCD35AAE-A847-47B6-BF0D-82F738712FBA}.Release|x86.Build.0 = Release|Any CPU
		{A3414670-DD36-4506-97FC-AC45912061D3}.Debug|Any CPU.ActiveCfg = Debug|Any CPU
		{A3414670-DD36-4506-97FC-AC45912061D3}.Debug|Any CPU.Build.0 = Debug|Any CPU
		{A3414670-DD36-4506-97FC-AC45912061D3}.Debug|x64.ActiveCfg = Debug|Any CPU
		{A3414670-DD36-4506-97FC-AC45912061D3}.Debug|x64.Build.0 = Debug|Any CPU
		{A3414670-DD36-4506-97FC-AC45912061D3}.Debug|x86.ActiveCfg = Debug|Any CPU
		{A3414670-DD36-4506-97FC-AC45912061D3}.Debug|x86.Build.0 = Debug|Any CPU
		{A3414670-DD36-4506-97FC-AC45912061D3}.Release|Any CPU.ActiveCfg = Release|Any CPU
		{A3414670-DD36-4506-97FC-AC45912061D3}.Release|Any CPU.Build.0 = Release|Any CPU
		{A3414670-DD36-4506-97FC-AC45912061D3}.Release|x64.ActiveCfg = Release|Any CPU
		{A3414670-DD36-4506-97FC-AC45912061D3}.Release|x64.Build.0 = Release|Any CPU
		{A3414670-DD36-4506-97FC-AC45912061D3}.Release|x86.ActiveCfg = Release|Any CPU
		{A3414670-DD36-4506-97FC-AC45912061D3}.Release|x86.Build.0 = Release|Any CPU
		{186B817B-B672-4D87-9A6C-AD4643C47AD1}.Debug|Any CPU.ActiveCfg = Debug|Any CPU
		{186B817B-B672-4D87-9A6C-AD4643C47AD1}.Debug|Any CPU.Build.0 = Debug|Any CPU
		{186B817B-B672-4D87-9A6C-AD4643C47AD1}.Debug|x64.ActiveCfg = Debug|Any CPU
		{186B817B-B672-4D87-9A6C-AD4643C47AD1}.Debug|x64.Build.0 = Debug|Any CPU
		{186B817B-B672-4D87-9A6C-AD4643C47AD1}.Debug|x86.ActiveCfg = Debug|Any CPU
		{186B817B-B672-4D87-9A6C-AD4643C47AD1}.Debug|x86.Build.0 = Debug|Any CPU
		{186B817B-B672-4D87-9A6C-AD4643C47AD1}.Release|Any CPU.ActiveCfg = Release|Any CPU
		{186B817B-B672-4D87-9A6C-AD4643C47AD1}.Release|Any CPU.Build.0 = Release|Any CPU
		{186B817B-B672-4D87-9A6C-AD4643C47AD1}.Release|x64.ActiveCfg = Release|Any CPU
		{186B817B-B672-4D87-9A6C-AD4643C47AD1}.Release|x64.Build.0 = Release|Any CPU
		{186B817B-B672-4D87-9A6C-AD4643C47AD1}.Release|x86.ActiveCfg = Release|Any CPU
		{186B817B-B672-4D87-9A6C-AD4643C47AD1}.Release|x86.Build.0 = Release|Any CPU
		{174C5A75-0EEE-4758-8B1B-64D95084658D}.Debug|Any CPU.ActiveCfg = Debug|Any CPU
		{174C5A75-0EEE-4758-8B1B-64D95084658D}.Debug|Any CPU.Build.0 = Debug|Any CPU
		{174C5A75-0EEE-4758-8B1B-64D95084658D}.Debug|x64.ActiveCfg = Debug|Any CPU
		{174C5A75-0EEE-4758-8B1B-64D95084658D}.Debug|x64.Build.0 = Debug|Any CPU
		{174C5A75-0EEE-4758-8B1B-64D95084658D}.Debug|x86.ActiveCfg = Debug|Any CPU
		{174C5A75-0EEE-4758-8B1B-64D95084658D}.Debug|x86.Build.0 = Debug|Any CPU
		{174C5A75-0EEE-4758-8B1B-64D95084658D}.Release|Any CPU.ActiveCfg = Release|Any CPU
		{174C5A75-0EEE-4758-8B1B-64D95084658D}.Release|Any CPU.Build.0 = Release|Any CPU
		{174C5A75-0EEE-4758-8B1B-64D95084658D}.Release|x64.ActiveCfg = Release|Any CPU
		{174C5A75-0EEE-4758-8B1B-64D95084658D}.Release|x64.Build.0 = Release|Any CPU
		{174C5A75-0EEE-4758-8B1B-64D95084658D}.Release|x86.ActiveCfg = Release|Any CPU
		{174C5A75-0EEE-4758-8B1B-64D95084658D}.Release|x86.Build.0 = Release|Any CPU
	EndGlobalSection
EndGlobal
